
Microsoft Visual Studio Solution File, Format Version 12.00
# Visual Studio Version 16
VisualStudioVersion = 16.0.30907.101
MinimumVisualStudioVersion = 10.0.40219.1
Project("{9A19103F-16F7-4668-BE54-9A1E7A4F7556}") = "MISA.Common", "MISA.Common\MISA.Common.csproj", "{9C36A160-ACF8-42AF-A503-B6F3DC2214D1}"
EndProject
Project("{9A19103F-16F7-4668-BE54-9A1E7A4F7556}") = "MISA.DAL", "MISA.DAL\MISA.DAL.csproj", "{A01D50B0-0930-4A3F-A741-48CC25697604}"
EndProject
Project("{9A19103F-16F7-4668-BE54-9A1E7A4F7556}") = "MISA.BLL", "MISA.BLL\MISA.BLL.csproj", "{7B05C19E-0ACD-40E2-B2EE-64E7E943E46E}"
EndProject
Project("{9A19103F-16F7-4668-BE54-9A1E7A4F7556}") = "MISA.Eshop.Api", "MISA.eShop.Api\MISA.Eshop.Api.csproj", "{948EBB2D-FA1F-4FE5-B6F3-C5C525B592D0}"
EndProject
Global
	GlobalSection(SolutionConfigurationPlatforms) = preSolution
		Debug|Any CPU = Debug|Any CPU
		Release|Any CPU = Release|Any CPU
	EndGlobalSection
	GlobalSection(ProjectConfigurationPlatforms) = postSolution
		{9C36A160-ACF8-42AF-A503-B6F3DC2214D1}.Debug|Any CPU.ActiveCfg = Debug|Any CPU
		{9C36A160-ACF8-42AF-A503-B6F3DC2214D1}.Debug|Any CPU.Build.0 = Debug|Any CPU
		{9C36A160-ACF8-42AF-A503-B6F3DC2214D1}.Release|Any CPU.ActiveCfg = Release|Any CPU
		{9C36A160-ACF8-42AF-A503-B6F3DC2214D1}.Release|Any CPU.Build.0 = Release|Any CPU
		{A01D50B0-0930-4A3F-A741-48CC25697604}.Debug|Any CPU.ActiveCfg = Debug|Any CPU
		{A01D50B0-0930-4A3F-A741-48CC25697604}.Debug|Any CPU.Build.0 = Debug|Any CPU
		{A01D50B0-0930-4A3F-A741-48CC25697604}.Release|Any CPU.ActiveCfg = Release|Any CPU
		{A01D50B0-0930-4A3F-A741-48CC25697604}.Release|Any CPU.Build.0 = Release|Any CPU
		{7B05C19E-0ACD-40E2-B2EE-64E7E943E46E}.Debug|Any CPU.ActiveCfg = Debug|Any CPU
		{7B05C19E-0ACD-40E2-B2EE-64E7E943E46E}.Debug|Any CPU.Build.0 = Debug|Any CPU
		{7B05C19E-0ACD-40E2-B2EE-64E7E943E46E}.Release|Any CPU.ActiveCfg = Release|Any CPU
		{7B05C19E-0ACD-40E2-B2EE-64E7E943E46E}.Release|Any CPU.Build.0 = Release|Any CPU
		{948EBB2D-FA1F-4FE5-B6F3-C5C525B592D0}.Debug|Any CPU.ActiveCfg = Debug|Any CPU
		{948EBB2D-FA1F-4FE5-B6F3-C5C525B592D0}.Debug|Any CPU.Build.0 = Debug|Any CPU
		{948EBB2D-FA1F-4FE5-B6F3-C5C525B592D0}.Release|Any CPU.ActiveCfg = Release|Any CPU
		{948EBB2D-FA1F-4FE5-B6F3-C5C525B592D0}.Release|Any CPU.Build.0 = Release|Any CPU
	EndGlobalSection
	GlobalSection(SolutionProperties) = preSolution
		HideSolutionNode = FALSE
	EndGlobalSection
	GlobalSection(ExtensibilityGlobals) = postSolution
		SolutionGuid = {257BCD05-0DB1-4ED4-936B-BC376BBCACD4}
	EndGlobalSection
EndGlobal
